{
  "name": "arrays",
  "version": "1.0.0",
  "lockfileVersion": 1,
  "requires": true,
  "dependencies": {
    "@types/emojione": {
      "version": "2.2.6",
      "resolved": "https://registry.npmjs.org/@types/emojione/-/emojione-2.2.6.tgz",
      "integrity": "sha512-2OJGfbqLOFFawMp61cxpJ+QsLA/2LDUdqWb2YMVNP8q/FXSxdkv0hdqm3EcjNfyfcpZ0HjOjMATwXdx/xpTlOA=="
    },
    "@types/node": {
      "version": "14.0.1",
      "resolved": "https://registry.npmjs.org/@types/node/-/node-14.0.1.tgz",
      "integrity": "sha512-FAYBGwC+W6F9+huFIDtn43cpy7+SzG+atzRiTfdp3inUKL2hXnd4rG8hylJLIh4+hqrQy1P17kvJByE/z825hA==",
      "dev": true
    },
    "emojione": {
      "version": "4.5.0",
      "resolved": "https://registry.npmjs.org/emojione/-/emojione-4.5.0.tgz",
      "integrity": "sha512-Tq55Y3UgPOnayFDN+Qd6QMP0rpoH10a1nhSFN27s8gXW3qymgFIHiXys2ECYYAI134BafmI3qP9ni2rZOe9BjA=="
    }
  }
}
